
Microsoft Visual Studio Solution File, Format Version 12.00
# Visual Studio Version 17
VisualStudioVersion = 17.6.33712.159
MinimumVisualStudioVersion = 10.0.40219.1
Project("{2150E333-8FDC-42A3-9474-1A3956D46DE8}") = "src", "src", "{09D05784-CD80-4D49-A74E-1C4CADE78463}"
EndProject
Project("{2150E333-8FDC-42A3-9474-1A3956D46DE8}") = "tests", "tests", "{7BA7A15B-2B60-4AAD-B90A-9366469EE689}"
EndProject
Project("{2150E333-8FDC-42A3-9474-1A3956D46DE8}") = "account", "account", "{DE2219C6-946E-4106-9F9D-76A75C05BB98}"
EndProject
Project("{2150E333-8FDC-42A3-9474-1A3956D46DE8}") = "account", "account", "{4A56AA4D-FC82-46E5-9B43-F9456244DD95}"
EndProject
Global
	GlobalSection(SolutionProperties) = preSolution
		HideSolutionNode = FALSE
	EndGlobalSection
	GlobalSection(NestedProjects) = preSolution
		{DE2219C6-946E-4106-9F9D-76A75C05BB98} = {09D05784-CD80-4D49-A74E-1C4CADE78463}
		{4A56AA4D-FC82-46E5-9B43-F9456244DD95} = {7BA7A15B-2B60-4AAD-B90A-9366469EE689}
	EndGlobalSection
	GlobalSection(ExtensibilityGlobals) = postSolution
		SolutionGuid = {D6CBE995-E29A-490E-A734-7419CC7F1F98}
	EndGlobalSection
EndGlobal
