
Microsoft Visual Studio Solution File, Format Version 12.00
# Visual Studio Version 17
VisualStudioVersion = 17.6.33712.159
MinimumVisualStudioVersion = 10.0.40219.1
Project("{2150E333-8FDC-42A3-9474-1A3956D46DE8}") = "tests", "tests", "{462F6026-2CB0-4948-93EE-028AC5155910}"
EndProject
Project("{9A19103F-16F7-4668-BE54-9A1E7A4F7556}") = "Domain", "Domain\Domain.csproj", "{0BDDA7B6-7A9A-40A1-AB79-7262183FD521}"
EndProject
Project("{9A19103F-16F7-4668-BE54-9A1E7A4F7556}") = "Infrastructure", "Infrastructure\Infrastructure.csproj", "{A0C84DEC-313B-475F-91B4-B5907110BC03}"
EndProject
Project("{9A19103F-16F7-4668-BE54-9A1E7A4F7556}") = "Application", "Application\Application.csproj", "{C4886692-66D2-4068-8181-34EC584CDF74}"
EndProject
Project("{9A19103F-16F7-4668-BE54-9A1E7A4F7556}") = "Account.Api", "Account.Api\Account.Api.csproj", "{D6E3A935-6F37-4758-BA22-70480F2A503D}"
EndProject
Project("{2150E333-8FDC-42A3-9474-1A3956D46DE8}") = "rental", "rental", "{96B6BCAA-9173-4DB9-A0FE-09B339FB8C43}"
EndProject
Project("{9A19103F-16F7-4668-BE54-9A1E7A4F7556}") = "Application.IntegrationTests", "..\..\..\tests\rental\Application.IntegrationTests\Application.IntegrationTests.csproj", "{FB3492F4-10F0-42FF-8008-011A33B059C5}"
EndProject
Project("{9A19103F-16F7-4668-BE54-9A1E7A4F7556}") = "Domain.UnitTests", "..\..\..\tests\rental\Domain.UnitTests\Domain.UnitTests.csproj", "{A51A9772-F3F8-4756-B1D0-815D7688ED2E}"
EndProject
Global
	GlobalSection(SolutionConfigurationPlatforms) = preSolution
		Debug|Any CPU = Debug|Any CPU
		Release|Any CPU = Release|Any CPU
	EndGlobalSection
	GlobalSection(ProjectConfigurationPlatforms) = postSolution
		{0BDDA7B6-7A9A-40A1-AB79-7262183FD521}.Debug|Any CPU.ActiveCfg = Debug|Any CPU
		{0BDDA7B6-7A9A-40A1-AB79-7262183FD521}.Debug|Any CPU.Build.0 = Debug|Any CPU
		{0BDDA7B6-7A9A-40A1-AB79-7262183FD521}.Release|Any CPU.ActiveCfg = Release|Any CPU
		{0BDDA7B6-7A9A-40A1-AB79-7262183FD521}.Release|Any CPU.Build.0 = Release|Any CPU
		{A0C84DEC-313B-475F-91B4-B5907110BC03}.Debug|Any CPU.ActiveCfg = Debug|Any CPU
		{A0C84DEC-313B-475F-91B4-B5907110BC03}.Debug|Any CPU.Build.0 = Debug|Any CPU
		{A0C84DEC-313B-475F-91B4-B5907110BC03}.Release|Any CPU.ActiveCfg = Release|Any CPU
		{A0C84DEC-313B-475F-91B4-B5907110BC03}.Release|Any CPU.Build.0 = Release|Any CPU
		{C4886692-66D2-4068-8181-34EC584CDF74}.Debug|Any CPU.ActiveCfg = Debug|Any CPU
		{C4886692-66D2-4068-8181-34EC584CDF74}.Debug|Any CPU.Build.0 = Debug|Any CPU
		{C4886692-66D2-4068-8181-34EC584CDF74}.Release|Any CPU.ActiveCfg = Release|Any CPU
		{C4886692-66D2-4068-8181-34EC584CDF74}.Release|Any CPU.Build.0 = Release|Any CPU
		{D6E3A935-6F37-4758-BA22-70480F2A503D}.Debug|Any CPU.ActiveCfg = Debug|Any CPU
		{D6E3A935-6F37-4758-BA22-70480F2A503D}.Debug|Any CPU.Build.0 = Debug|Any CPU
		{D6E3A935-6F37-4758-BA22-70480F2A503D}.Release|Any CPU.ActiveCfg = Release|Any CPU
		{D6E3A935-6F37-4758-BA22-70480F2A503D}.Release|Any CPU.Build.0 = Release|Any CPU
		{FB3492F4-10F0-42FF-8008-011A33B059C5}.Debug|Any CPU.ActiveCfg = Debug|Any CPU
		{FB3492F4-10F0-42FF-8008-011A33B059C5}.Debug|Any CPU.Build.0 = Debug|Any CPU
		{FB3492F4-10F0-42FF-8008-011A33B059C5}.Release|Any CPU.ActiveCfg = Release|Any CPU
		{FB3492F4-10F0-42FF-8008-011A33B059C5}.Release|Any CPU.Build.0 = Release|Any CPU
		{A51A9772-F3F8-4756-B1D0-815D7688ED2E}.Debug|Any CPU.ActiveCfg = Debug|Any CPU
		{A51A9772-F3F8-4756-B1D0-815D7688ED2E}.Debug|Any CPU.Build.0 = Debug|Any CPU
		{A51A9772-F3F8-4756-B1D0-815D7688ED2E}.Release|Any CPU.ActiveCfg = Release|Any CPU
		{A51A9772-F3F8-4756-B1D0-815D7688ED2E}.Release|Any CPU.Build.0 = Release|Any CPU
	EndGlobalSection
	GlobalSection(SolutionProperties) = preSolution
		HideSolutionNode = FALSE
	EndGlobalSection
	GlobalSection(NestedProjects) = preSolution
		{96B6BCAA-9173-4DB9-A0FE-09B339FB8C43} = {462F6026-2CB0-4948-93EE-028AC5155910}
		{FB3492F4-10F0-42FF-8008-011A33B059C5} = {96B6BCAA-9173-4DB9-A0FE-09B339FB8C43}
		{A51A9772-F3F8-4756-B1D0-815D7688ED2E} = {96B6BCAA-9173-4DB9-A0FE-09B339FB8C43}
	EndGlobalSection
	GlobalSection(ExtensibilityGlobals) = postSolution
		SolutionGuid = {CD27C401-5890-4162-9197-F5202BD0745C}
	EndGlobalSection
EndGlobal
